{
  "nodes": {
    "core-contracts": {
      "flake": false,
      "locked": {
        "lastModified": 1646335944,
        "narHash": "sha256-qH1OltR5FiDH3V8hGYUTYAO8Qe/HSVDCWeLE9vasNi4=",
        "owner": "near",
        "repo": "core-contracts",
        "rev": "793e0594bab4e9cf730d37cd2a493a173b0e2ed3",
        "type": "github"
      },
      "original": {
        "owner": "near",
        "repo": "core-contracts",
        "type": "github"
      }
    },
    "flake-parts": {
      "inputs": {
        "nixpkgs": [
          "nixpkgs"
        ]
      },
      "locked": {
        "lastModified": 1661009076,
        "narHash": "sha256-phAE40gctVygRq3G3B6LhvD7u2qdQT21xsz8DdRDYFo=",
        "owner": "hercules-ci",
        "repo": "flake-parts",
        "rev": "850d8a76026127ef02f040fb0dcfdb8b749dd9d9",
        "type": "github"
      },
      "original": {
        "owner": "hercules-ci",
        "repo": "flake-parts",
        "type": "github"
      }
    },
    "nixpkgs": {
      "locked": {
        "lastModified": 1661984032,
        "narHash": "sha256-IG9bSw8FLe8Ztms+lOb/Vn2bIqxwj6/a9T1xU5Wc8Y0=",
        "owner": "NixOS",
        "repo": "nixpkgs",
        "rev": "034175e4bea4e4b735d35fd06e04213f0777d4ff",
        "type": "github"
      },
      "original": {
        "owner": "NixOS",
        "ref": "nixos-unstable-small",
        "repo": "nixpkgs",
        "type": "github"
      }
    },
    "root": {
      "inputs": {
        "core-contracts": "core-contracts",
        "flake-parts": "flake-parts",
        "nixpkgs": "nixpkgs"
      }
    }
  },
  "root": "root",
  "version": 7
}
