{
  "nodes": {
    "core-contracts": {
      "flake": false,
      "locked": {
        "lastModified": 1671634585,
        "narHash": "sha256-kgMNK0WLFiVdjOM1NGAjuEhtAn4ahigfTVLjdPK0bos=",
        "owner": "near",
        "repo": "core-contracts",
        "rev": "dad58eb5f968c25913e746028ad63980506f5890",
        "type": "github"
      },
      "original": {
        "owner": "near",
        "repo": "core-contracts",
        "type": "github"
      }
    },
    "disko": {
      "inputs": {
        "nixpkgs": [
          "nixpkgs"
        ]
      },
      "locked": {
        "lastModified": 1680767287,
        "narHash": "sha256-WW6cLmfCSgffE5TnG+8+IcoWd9PxeM0PqOuYcWnWkEY=",
        "owner": "nix-community",
        "repo": "disko",
        "rev": "8891df70294ed9b8c930954f555391c4ba9bfe82",
        "type": "github"
      },
      "original": {
        "owner": "nix-community",
        "repo": "disko",
        "type": "github"
      }
    },
    "fenix": {
      "inputs": {
        "nixpkgs": [
          "nixpkgs"
        ],
        "rust-analyzer-src": "rust-analyzer-src"
      },
      "locked": {
        "lastModified": 1680934821,
        "narHash": "sha256-QoeIjnhIPI1AcOQhaY+gjzmBDQOlUpRoV7O7idCOUCs=",
        "owner": "nix-community",
        "repo": "fenix",
        "rev": "67e853b14e1fc9ed7a5a4bff9622e91542af43ea",
        "type": "github"
      },
      "original": {
        "owner": "nix-community",
        "repo": "fenix",
        "type": "github"
      }
    },
    "flake-parts": {
      "inputs": {
        "nixpkgs-lib": [
          "nixpkgs"
        ]
      },
      "locked": {
        "lastModified": 1680392223,
        "narHash": "sha256-n3g7QFr85lDODKt250rkZj2IFS3i4/8HBU2yKHO3tqw=",
        "owner": "hercules-ci",
        "repo": "flake-parts",
        "rev": "dcc36e45d054d7bb554c9cdab69093debd91a0b5",
        "type": "github"
      },
      "original": {
        "owner": "hercules-ci",
        "repo": "flake-parts",
        "type": "github"
      }
    },
    "near-staking-ui": {
      "flake": false,
      "locked": {
        "lastModified": 1680710555,
        "narHash": "sha256-NwQe6azbv0GM+TAu3FKpbEdU0Hlv9yMBcaZZghPJjiQ=",
        "owner": "kuutamolabs",
        "repo": "near-staking-ui",
        "rev": "9bc0c5e76ec7939478d0b2655d25f5f0918440d4",
        "type": "github"
      },
      "original": {
        "owner": "kuutamolabs",
        "repo": "near-staking-ui",
        "type": "github"
      }
    },
    "nixos-2211": {
      "locked": {
        "lastModified": 1680724564,
        "narHash": "sha256-eeUUGOTKTelYKDbUxKs0V7GUa186L2fym7jM2QQ4Oss=",
        "owner": "NixOS",
        "repo": "nixpkgs",
        "rev": "36adaa6aaa6b03e59102df0c1b12cdc3f23fd112",
        "type": "github"
      },
      "original": {
        "owner": "NixOS",
        "ref": "release-22.11",
        "repo": "nixpkgs",
        "type": "github"
      }
    },
    "nixos-anywhere": {
      "inputs": {
        "disko": [
          "disko"
        ],
        "flake-parts": [
          "flake-parts"
        ],
        "nixos-images": [
          "nixos-images"
        ],
        "nixpkgs": [
          "nixpkgs"
        ],
        "treefmt-nix": [
          "treefmt-nix"
        ]
      },
      "locked": {
        "lastModified": 1680727722,
        "narHash": "sha256-X360Gt8odtbTItWCM2aJ39YKqEXThuXka1hNmkjojxc=",
        "owner": "numtide",
        "repo": "nixos-anywhere",
        "rev": "7563cf5863ca03a3b92f555e8baf959a1242b88a",
        "type": "github"
      },
      "original": {
        "owner": "numtide",
        "repo": "nixos-anywhere",
        "type": "github"
      }
    },
    "nixos-images": {
      "inputs": {
        "nixos-2211": "nixos-2211",
        "nixos-unstable": "nixos-unstable"
      },
      "locked": {
        "lastModified": 1680765558,
        "narHash": "sha256-dCSM5Ttl5Hbf9f2MG08zazQF5KG0bf+1Ky9QqvHcO7o=",
        "owner": "nix-community",
        "repo": "nixos-images",
        "rev": "13e48f3340667fdc65a31cbc0e7234a534cd7dc8",
        "type": "github"
      },
      "original": {
        "owner": "nix-community",
        "repo": "nixos-images",
        "type": "github"
      }
    },
    "nixos-unstable": {
      "locked": {
        "lastModified": 1680725427,
        "narHash": "sha256-fx/Tc+7VEuO5VckHg65t+Alp9hh1JubnkNDpV2qyTiY=",
        "owner": "NixOS",
        "repo": "nixpkgs",
        "rev": "da7761cacab07eeb08eb69e94063397e8887404e",
        "type": "github"
      },
      "original": {
        "owner": "NixOS",
        "ref": "nixos-unstable-small",
        "repo": "nixpkgs",
        "type": "github"
      }
    },
    "nixpkgs": {
      "locked": {
        "lastModified": 1680964190,
        "narHash": "sha256-gJkzOHS76KA8QKVwIr+2K3F4eoXbU+EDeDT1YaPuGIA=",
        "owner": "NixOS",
        "repo": "nixpkgs",
        "rev": "3bf7fcf117e8e3d9106fa425157773134a67545a",
        "type": "github"
      },
      "original": {
        "owner": "NixOS",
        "ref": "nixos-unstable-small",
        "repo": "nixpkgs",
        "type": "github"
      }
    },
    "npmlock2nix": {
      "flake": false,
      "locked": {
        "lastModified": 1673447413,
        "narHash": "sha256-sJM82Sj8yfQYs9axEmGZ9Evzdv/kDcI9sddqJ45frrU=",
        "owner": "nix-community",
        "repo": "npmlock2nix",
        "rev": "9197bbf397d76059a76310523d45df10d2e4ca81",
        "type": "github"
      },
      "original": {
        "owner": "nix-community",
        "repo": "npmlock2nix",
        "type": "github"
      }
    },
    "root": {
      "inputs": {
        "core-contracts": "core-contracts",
        "disko": "disko",
        "fenix": "fenix",
        "flake-parts": "flake-parts",
        "near-staking-ui": "near-staking-ui",
        "nixos-anywhere": "nixos-anywhere",
        "nixos-images": "nixos-images",
        "nixpkgs": "nixpkgs",
        "npmlock2nix": "npmlock2nix",
        "srvos": "srvos",
        "treefmt-nix": "treefmt-nix"
      }
    },
    "rust-analyzer-src": {
      "flake": false,
      "locked": {
        "lastModified": 1680884353,
        "narHash": "sha256-efcZC+/FH3ZXMgDL3K5RIzKeD0Ow1ci096cXkTsP8SQ=",
        "owner": "rust-lang",
        "repo": "rust-analyzer",
        "rev": "01120f1213ad928de7300a8acf9f41bed72d0422",
        "type": "github"
      },
      "original": {
        "owner": "rust-lang",
        "ref": "nightly",
        "repo": "rust-analyzer",
        "type": "github"
      }
    },
    "srvos": {
      "inputs": {
        "nixpkgs": [
          "nixpkgs"
        ]
      },
      "locked": {
        "lastModified": 1680865727,
        "narHash": "sha256-UAT+NJNQV3unmOMHi/V4gVBazLFv2VWU0ebTiXX+hu4=",
        "owner": "numtide",
        "repo": "srvos",
        "rev": "23a7ed532c33a83793ba7fbf40b754f66a07d547",
        "type": "github"
      },
      "original": {
        "owner": "numtide",
        "repo": "srvos",
        "type": "github"
      }
    },
    "treefmt-nix": {
      "inputs": {
        "nixpkgs": [
          "nixpkgs"
        ]
      },
      "locked": {
        "lastModified": 1680542917,
        "narHash": "sha256-lwqpGONfUhyPgNJ3vtFjB1+mEEWDqgsU7pDXsoCjdP4=",
        "owner": "numtide",
        "repo": "treefmt-nix",
        "rev": "08850c9808fd5e1891cad51f38e92226c7e8f8bd",
        "type": "github"
      },
      "original": {
        "owner": "numtide",
        "repo": "treefmt-nix",
        "type": "github"
      }
    }
  },
  "root": "root",
  "version": 7
}
