{
  "nodes": {
    "core-contracts": {
      "flake": false,
      "locked": {
        "lastModified": 1688127982,
        "narHash": "sha256-xOo8IeNwAefr+cpbmwqPt8gwDZjwFFzg+7IP2MThxxY=",
        "owner": "near",
        "repo": "core-contracts",
        "rev": "3f3170fce91ff4d8c6ee9d15683f2d4dfe1275cf",
        "type": "github"
      },
      "original": {
        "owner": "near",
        "repo": "core-contracts",
        "type": "github"
      }
    },
    "disko": {
      "inputs": {
        "nixpkgs": [
          "nixpkgs"
        ]
      },
      "locked": {
        "lastModified": 1697230660,
        "narHash": "sha256-Faw7qTLNVZYxW1nBHKhfrKY0lOicJaxxHh5u/Gq4M3Q=",
        "owner": "nix-community",
        "repo": "disko",
        "rev": "6ad5c9c17cbd5514ce0cc2692dd82dd6d8e5d879",
        "type": "github"
      },
      "original": {
        "owner": "nix-community",
        "repo": "disko",
        "type": "github"
      }
    },
    "fenix": {
      "inputs": {
        "nixpkgs": [
          "nixpkgs"
        ],
        "rust-analyzer-src": "rust-analyzer-src"
      },
      "locked": {
        "lastModified": 1697264433,
        "narHash": "sha256-4VUSfyLkY+5ZPrD/N3GG8w9IKwp46TqzZs08auhtxq0=",
        "owner": "nix-community",
        "repo": "fenix",
        "rev": "89a969653519a0503027421999e3f3944e2184fe",
        "type": "github"
      },
      "original": {
        "owner": "nix-community",
        "repo": "fenix",
        "type": "github"
      }
    },
    "flake-parts": {
      "inputs": {
        "nixpkgs-lib": [
          "nixpkgs"
        ]
      },
      "locked": {
        "lastModified": 1696343447,
        "narHash": "sha256-B2xAZKLkkeRFG5XcHHSXXcP7To9Xzr59KXeZiRf4vdQ=",
        "owner": "hercules-ci",
        "repo": "flake-parts",
        "rev": "c9afaba3dfa4085dbd2ccb38dfade5141e33d9d4",
        "type": "github"
      },
      "original": {
        "owner": "hercules-ci",
        "repo": "flake-parts",
        "type": "github"
      }
    },
    "near-staking-ui": {
      "flake": false,
      "locked": {
        "lastModified": 1696271922,
        "narHash": "sha256-nAIu5DqUHa8u2NCx0mNMZ0oJV/9xipwu4zfGAfqZzQo=",
        "owner": "kuutamolabs",
        "repo": "near-staking-ui",
        "rev": "9a9589d534640117859c0fc06e67585e6ca40cc6",
        "type": "github"
      },
      "original": {
        "owner": "kuutamolabs",
        "repo": "near-staking-ui",
        "type": "github"
      }
    },
    "nixos-2305": {
      "locked": {
        "lastModified": 1694724971,
        "narHash": "sha256-NazxO2WuzV1pVnVoFpo7vJbgTTDhywhDxEDwFw6tyWY=",
        "owner": "NixOS",
        "repo": "nixpkgs",
        "rev": "16a63df66bfefec64daab3da10d414055d782d66",
        "type": "github"
      },
      "original": {
        "owner": "NixOS",
        "ref": "release-23.05",
        "repo": "nixpkgs",
        "type": "github"
      }
    },
    "nixos-2305_2": {
      "locked": {
        "lastModified": 1691214239,
        "narHash": "sha256-GcV1Ona0M8CpS0X6K9ZksWht9HUWXP+k4S0/zk02VmQ=",
        "owner": "Mic92",
        "repo": "nixpkgs",
        "rev": "831724726ba052189092f52ae0774dd406d657bb",
        "type": "github"
      },
      "original": {
        "owner": "Mic92",
        "ref": "netboot-fix-backport",
        "repo": "nixpkgs",
        "type": "github"
      }
    },
    "nixos-anywhere": {
      "inputs": {
        "disko": [
          "disko"
        ],
        "flake-parts": [
          "flake-parts"
        ],
        "nixos-2305": "nixos-2305",
        "nixos-images": [
          "nixos-images"
        ],
        "nixpkgs": [
          "nixpkgs"
        ],
        "treefmt-nix": [
          "treefmt-nix"
        ]
      },
      "locked": {
        "lastModified": 1697289221,
        "narHash": "sha256-YhUF1h38/GnEyjCM6/Bk6+ew845piQMV7TF3l/54Lcc=",
        "owner": "numtide",
        "repo": "nixos-anywhere",
        "rev": "2d2897cee93239705194f27567efb65dd852d2c7",
        "type": "github"
      },
      "original": {
        "owner": "numtide",
        "repo": "nixos-anywhere",
        "type": "github"
      }
    },
    "nixos-images": {
      "inputs": {
        "nixos-2305": "nixos-2305_2",
        "nixos-unstable": "nixos-unstable"
      },
      "locked": {
        "lastModified": 1694429687,
        "narHash": "sha256-fopTSMmOjk7/ro8+P2wZxAC8OPUKtuwHLNp2xSPXVjc=",
        "owner": "nix-community",
        "repo": "nixos-images",
        "rev": "c4c73bce65306a1e747684dd0d4bcf0ab2779585",
        "type": "github"
      },
      "original": {
        "owner": "nix-community",
        "repo": "nixos-images",
        "type": "github"
      }
    },
    "nixos-unstable": {
      "locked": {
        "lastModified": 1691180400,
        "narHash": "sha256-3XvIucYLBKM9xML1QH4fGSB9HFQ3me36ejJo9gTyuDE=",
        "owner": "Mic92",
        "repo": "nixpkgs",
        "rev": "52a39dea62074a5d47001e86646f71dff78ffcad",
        "type": "github"
      },
      "original": {
        "owner": "Mic92",
        "ref": "netboot-fix",
        "repo": "nixpkgs",
        "type": "github"
      }
    },
    "nixpkgs": {
      "locked": {
        "lastModified": 1697185576,
        "narHash": "sha256-fI0j3DnpxYMt/BENvrCRzLACUrhw5vNV0hctkCAjOq4=",
        "owner": "NixOS",
        "repo": "nixpkgs",
        "rev": "4f2b18d41893ffbf9487a86a874791a681601260",
        "type": "github"
      },
      "original": {
        "owner": "NixOS",
        "ref": "nixos-unstable-small",
        "repo": "nixpkgs",
        "type": "github"
      }
    },
    "npmlock2nix": {
      "flake": false,
      "locked": {
        "lastModified": 1673447413,
        "narHash": "sha256-sJM82Sj8yfQYs9axEmGZ9Evzdv/kDcI9sddqJ45frrU=",
        "owner": "nix-community",
        "repo": "npmlock2nix",
        "rev": "9197bbf397d76059a76310523d45df10d2e4ca81",
        "type": "github"
      },
      "original": {
        "owner": "nix-community",
        "repo": "npmlock2nix",
        "type": "github"
      }
    },
    "root": {
      "inputs": {
        "core-contracts": "core-contracts",
        "disko": "disko",
        "fenix": "fenix",
        "flake-parts": "flake-parts",
        "near-staking-ui": "near-staking-ui",
        "nixos-anywhere": "nixos-anywhere",
        "nixos-images": "nixos-images",
        "nixpkgs": "nixpkgs",
        "npmlock2nix": "npmlock2nix",
        "srvos": "srvos",
        "treefmt-nix": "treefmt-nix"
      }
    },
    "rust-analyzer-src": {
      "flake": false,
      "locked": {
        "lastModified": 1697182375,
        "narHash": "sha256-2PdPGgPyT8yf8P3ePzrnpdPEtTF3/7j7e0PUkVo8MWg=",
        "owner": "rust-lang",
        "repo": "rust-analyzer",
        "rev": "862693ff954660d169774c8ada4672fb96dabf36",
        "type": "github"
      },
      "original": {
        "owner": "rust-lang",
        "ref": "nightly",
        "repo": "rust-analyzer",
        "type": "github"
      }
    },
    "srvos": {
      "inputs": {
        "nixpkgs": [
          "nixpkgs"
        ]
      },
      "locked": {
        "lastModified": 1697073742,
        "narHash": "sha256-V0LsJo2WINPtU4QxtXvK1twYlcqsKtcqnv46cy6IUrQ=",
        "owner": "numtide",
        "repo": "srvos",
        "rev": "d2802516f67da12a54faa81d587a2a5bae64eda0",
        "type": "github"
      },
      "original": {
        "owner": "numtide",
        "repo": "srvos",
        "type": "github"
      }
    },
    "treefmt-nix": {
      "inputs": {
        "nixpkgs": [
          "nixpkgs"
        ]
      },
      "locked": {
        "lastModified": 1697018566,
        "narHash": "sha256-tOhoeq621JQOULO9X2U+Io03PK/TQrYFYB4sJFaDCuQ=",
        "owner": "numtide",
        "repo": "treefmt-nix",
        "rev": "0b2ffeb3ae1a7449a48a952f3e731cfa41eaf780",
        "type": "github"
      },
      "original": {
        "owner": "numtide",
        "repo": "treefmt-nix",
        "type": "github"
      }
    }
  },
  "root": "root",
  "version": 7
}
